
Microsoft Visual Studio Solution File, Format Version 12.00
# Visual Studio Version 16
VisualStudioVersion = 16.0.31129.286
MinimumVisualStudioVersion = 10.0.40219.1
Project("{FAE04EC0-301F-11D3-BF4B-00C04F79EFBC}") = "YourBelief", "YourBelief\YourBelief.csproj", "{04E6B576-D6B0-4CA6-90D3-B88DE7C56D76}"
EndProject
Global
	GlobalSection(SolutionConfigurationPlatforms) = preSolution
		Debug|Any CPU = Debug|Any CPU
		Release|Any CPU = Release|Any CPU
	EndGlobalSection
	GlobalSection(ProjectConfigurationPlatforms) = postSolution
		{04E6B576-D6B0-4CA6-90D3-B88DE7C56D76}.Debug|Any CPU.ActiveCfg = Debug|Any CPU
		{04E6B576-D6B0-4CA6-90D3-B88DE7C56D76}.Debug|Any CPU.Build.0 = Debug|Any CPU
		{04E6B576-D6B0-4CA6-90D3-B88DE7C56D76}.Release|Any CPU.ActiveCfg = Release|Any CPU
		{04E6B576-D6B0-4CA6-90D3-B88DE7C56D76}.Release|Any CPU.Build.0 = Release|Any CPU
	EndGlobalSection
	GlobalSection(SolutionProperties) = preSolution
		HideSolutionNode = FALSE
	EndGlobalSection
	GlobalSection(ExtensibilityGlobals) = postSolution
		SolutionGuid = {3D13CEBF-8A12-4E6E-A09C-F4ED7AAEDB37}
	EndGlobalSection
EndGlobal
